
Microsoft Visual Studio Solution File, Format Version 12.00
# Visual Studio Version 17
VisualStudioVersion = 17.11.35327.3
MinimumVisualStudioVersion = 10.0.40219.1
Project("{FAE04EC0-301F-11D3-BF4B-00C04F79EFBC}") = "WebServices", "WebServices\WebServices.csproj", "{DC3E58C5-C793-470F-A49E-721E7DBB0E0B}"
EndProject
Project("{FAE04EC0-301F-11D3-BF4B-00C04F79EFBC}") = "CalculatorApplication", "CalculatorApplication\CalculatorApplication.csproj", "{C479CC43-A9DC-4D99-AC42-7AE2D71F1163}"
	ProjectSection(ProjectDependencies) = postProject
		{DC3E58C5-C793-470F-A49E-721E7DBB0E0B} = {DC3E58C5-C793-470F-A49E-721E7DBB0E0B}
	EndProjectSection
EndProject
Global
	GlobalSection(SolutionConfigurationPlatforms) = preSolution
		Debug|Any CPU = Debug|Any CPU
		Release|Any CPU = Release|Any CPU
	EndGlobalSection
	GlobalSection(ProjectConfigurationPlatforms) = postSolution
		{DC3E58C5-C793-470F-A49E-721E7DBB0E0B}.Debug|Any CPU.ActiveCfg = Debug|Any CPU
		{DC3E58C5-C793-470F-A49E-721E7DBB0E0B}.Debug|Any CPU.Build.0 = Debug|Any CPU
		{DC3E58C5-C793-470F-A49E-721E7DBB0E0B}.Release|Any CPU.ActiveCfg = Release|Any CPU
		{DC3E58C5-C793-470F-A49E-721E7DBB0E0B}.Release|Any CPU.Build.0 = Release|Any CPU
		{C479CC43-A9DC-4D99-AC42-7AE2D71F1163}.Debug|Any CPU.ActiveCfg = Debug|Any CPU
		{C479CC43-A9DC-4D99-AC42-7AE2D71F1163}.Debug|Any CPU.Build.0 = Debug|Any CPU
		{C479CC43-A9DC-4D99-AC42-7AE2D71F1163}.Release|Any CPU.ActiveCfg = Release|Any CPU
		{C479CC43-A9DC-4D99-AC42-7AE2D71F1163}.Release|Any CPU.Build.0 = Release|Any CPU
	EndGlobalSection
	GlobalSection(SolutionProperties) = preSolution
		HideSolutionNode = FALSE
	EndGlobalSection
	GlobalSection(ExtensibilityGlobals) = postSolution
		SolutionGuid = {61A69CB6-05DD-44A0-89C3-7B1768C2FE13}
	EndGlobalSection
EndGlobal
